
Microsoft Visual Studio Solution File, Format Version 12.00
# Visual Studio Version 17
VisualStudioVersion = 17.8.34511.84
MinimumVisualStudioVersion = 10.0.40219.1
Project("{FAE04EC0-301F-11D3-BF4B-00C04F79EFBC}") = "Soundboard", "Soundboard\Soundboard.csproj", "{799D8FBF-1000-4D73-A10C-45E0CB401E86}"
EndProject
Global
	GlobalSection(SolutionConfigurationPlatforms) = preSolution
		Debug|Any CPU = Debug|Any CPU
		Release|Any CPU = Release|Any CPU
	EndGlobalSection
	GlobalSection(ProjectConfigurationPlatforms) = postSolution
		{799D8FBF-1000-4D73-A10C-45E0CB401E86}.Debug|Any CPU.ActiveCfg = Debug|Any CPU
		{799D8FBF-1000-4D73-A10C-45E0CB401E86}.Debug|Any CPU.Build.0 = Debug|Any CPU
		{799D8FBF-1000-4D73-A10C-45E0CB401E86}.Release|Any CPU.ActiveCfg = Release|Any CPU
		{799D8FBF-1000-4D73-A10C-45E0CB401E86}.Release|Any CPU.Build.0 = Release|Any CPU
	EndGlobalSection
	GlobalSection(SolutionProperties) = preSolution
		HideSolutionNode = FALSE
	EndGlobalSection
	GlobalSection(ExtensibilityGlobals) = postSolution
		SolutionGuid = {579478F8-1767-40D7-99CC-BAF95C48924D}
	EndGlobalSection
EndGlobal
